
Microsoft Visual Studio Solution File, Format Version 12.00
# Visual Studio Version 16
VisualStudioVersion = 16.0.31613.86
MinimumVisualStudioVersion = 10.0.40219.1
Project("{FAE04EC0-301F-11D3-BF4B-00C04F79EFBC}") = "restaurant", "restaurant\restaurant.csproj", "{853DFCB3-BB3D-493E-B316-9ED7624D10A0}"
EndProject
Project("{FAE04EC0-301F-11D3-BF4B-00C04F79EFBC}") = "restaurant.API", "restaurant.API\restaurant.API.csproj", "{372A8DD8-A8CA-40E1-B86D-F9D9ACFD1B16}"
EndProject
Global
	GlobalSection(SolutionConfigurationPlatforms) = preSolution
		Debug|Any CPU = Debug|Any CPU
		Release|Any CPU = Release|Any CPU
	EndGlobalSection
	GlobalSection(ProjectConfigurationPlatforms) = postSolution
		{853DFCB3-BB3D-493E-B316-9ED7624D10A0}.Debug|Any CPU.ActiveCfg = Debug|Any CPU
		{853DFCB3-BB3D-493E-B316-9ED7624D10A0}.Debug|Any CPU.Build.0 = Debug|Any CPU
		{853DFCB3-BB3D-493E-B316-9ED7624D10A0}.Release|Any CPU.ActiveCfg = Release|Any CPU
		{853DFCB3-BB3D-493E-B316-9ED7624D10A0}.Release|Any CPU.Build.0 = Release|Any CPU
		{372A8DD8-A8CA-40E1-B86D-F9D9ACFD1B16}.Debug|Any CPU.ActiveCfg = Debug|Any CPU
		{372A8DD8-A8CA-40E1-B86D-F9D9ACFD1B16}.Debug|Any CPU.Build.0 = Debug|Any CPU
		{372A8DD8-A8CA-40E1-B86D-F9D9ACFD1B16}.Release|Any CPU.ActiveCfg = Release|Any CPU
		{372A8DD8-A8CA-40E1-B86D-F9D9ACFD1B16}.Release|Any CPU.Build.0 = Release|Any CPU
	EndGlobalSection
	GlobalSection(SolutionProperties) = preSolution
		HideSolutionNode = FALSE
	EndGlobalSection
	GlobalSection(ExtensibilityGlobals) = postSolution
		SolutionGuid = {6F747706-5354-4F3A-8CEA-79496025C934}
	EndGlobalSection
EndGlobal
